// !$*UTF8*$!
{
	archiveVersion = 1;
	classes = {
	};
	objectVersion = 46;
	objects = {

/* Begin PBXBuildFile section */
		AB0F0EE81A44054400D47E2C /* AppDelegate.swift in Sources */ = {isa = PBXBuildFile; fileRef = AB0F0EE71A44054400D47E2C /* AppDelegate.swift */; };
		AB0F0EEA1A44054400D47E2C /* ViewController.swift in Sources */ = {isa = PBXBuildFile; fileRef = AB0F0EE91A44054400D47E2C /* ViewController.swift */; };
		AB0F0EED1A44054400D47E2C /* Main.storyboard in Resources */ = {isa = PBXBuildFile; fileRef = AB0F0EEB1A44054400D47E2C /* Main.storyboard */; };
		AB0F0EEF1A44054400D47E2C /* Images.xcassets in Resources */ = {isa = PBXBuildFile; fileRef = AB0F0EEE1A44054400D47E2C /* Images.xcassets */; };
		AB0F0EF21A44054400D47E2C /* LaunchScreen.xib in Resources */ = {isa = PBXBuildFile; fileRef = AB0F0EF01A44054400D47E2C /* LaunchScreen.xib */; };
		AB0F0EFE1A44054500D47E2C /* PostcardTests.swift in Sources */ = {isa = PBXBuildFile; fileRef = AB0F0EFD1A44054500D47E2C /* PostcardTests.swift */; };
		ABB8D62D1AAD270A00A6AA51 /* SagradaFamilia.jpeg in Resources */ = {isa = PBXBuildFile; fileRef = ABB8D62C1AAD270A00A6AA51 /* SagradaFamilia.jpeg */; };
		ABB8D62F1AAD2A3B00A6AA51 /* AlbertEinsteinStamp.jpg in Resources */ = {isa = PBXBuildFile; fileRef = ABB8D62E1AAD2A3B00A6AA51 /* AlbertEinsteinStamp.jpg */; };
/* End PBXBuildFile section */

/* Begin PBXContainerItemProxy section */
		AB0F0EF81A44054500D47E2C /* PBXContainerItemProxy */ = {
			isa = PBXContainerItemProxy;
			containerPortal = AB0F0EDA1A44054400D47E2C /* Project object */;
			proxyType = 1;
			remoteGlobalIDString = AB0F0EE11A44054400D47E2C;
			remoteInfo = Postcard;
		};
/* End PBXContainerItemProxy section */

/* Begin PBXFileReference section */
		AB0F0EE21A44054400D47E2C /* Postcard.app */ = {isa = PBXFileReference; explicitFileType = wrapper.application; includeInIndex = 0; path = Postcard.app; sourceTree = BUILT_PRODUCTS_DIR; };
		AB0F0EE61A44054400D47E2C /* Info.plist */ = {isa = PBXFileReference; lastKnownFileType = text.plist.xml; path = Info.plist; sourceTree = "<group>"; };
		AB0F0EE71A44054400D47E2C /* AppDelegate.swift */ = {isa = PBXFileReference; lastKnownFileType = sourcecode.swift; path = AppDelegate.swift; sourceTree = "<group>"; };
		AB0F0EE91A44054400D47E2C /* ViewController.swift */ = {isa = PBXFileReference; lastKnownFileType = sourcecode.swift; path = ViewController.swift; sourceTree = "<group>"; };
		AB0F0EEC1A44054400D47E2C /* Base */ = {isa = PBXFileReference; lastKnownFileType = file.storyboard; name = Base; path = Base.lproj/Main.storyboard; sourceTree = "<group>"; };
		AB0F0EEE1A44054400D47E2C /* Images.xcassets */ = {isa = PBXFileReference; lastKnownFileType = folder.assetcatalog; path = Images.xcassets; sourceTree = "<group>"; };
		AB0F0EF11A44054400D47E2C /* Base */ = {isa = PBXFileReference; lastKnownFileType = file.xib; name = Base; path = Base.lproj/LaunchScreen.xib; sourceTree = "<group>"; };
		AB0F0EF71A44054500D47E2C /* PostcardTests.xctest */ = {isa = PBXFileReference; explicitFileType = wrapper.cfbundle; includeInIndex = 0; path = PostcardTests.xctest; sourceTree = BUILT_PRODUCTS_DIR; };
		AB0F0EFC1A44054500D47E2C /* Info.plist */ = {isa = PBXFileReference; lastKnownFileType = text.plist.xml; path = Info.plist; sourceTree = "<group>"; };
		AB0F0EFD1A44054500D47E2C /* PostcardTests.swift */ = {isa = PBXFileReference; lastKnownFileType = sourcecode.swift; path = PostcardTests.swift; sourceTree = "<group>"; };
		ABB8D62C1AAD270A00A6AA51 /* SagradaFamilia.jpeg */ = {isa = PBXFileReference; lastKnownFileType = image.jpeg; path = SagradaFamilia.jpeg; sourceTree = "<group>"; };
		ABB8D62E1AAD2A3B00A6AA51 /* AlbertEinsteinStamp.jpg */ = {isa = PBXFileReference; lastKnownFileType = image.jpeg; path = AlbertEinsteinStamp.jpg; sourceTree = "<group>"; };
/* End PBXFileReference section */

/* Begin PBXFrameworksBuildPhase section */
		AB0F0EDF1A44054400D47E2C /* Frameworks */ = {
			isa = PBXFrameworksBuildPhase;
			buildActionMask = 2147483647;
			files = (
			);
			runOnlyForDeploymentPostprocessing = 0;
		};
		AB0F0EF41A44054500D47E2C /* Frameworks */ = {
			isa = PBXFrameworksBuildPhase;
			buildActionMask = 2147483647;
			files = (
			);
			runOnlyForDeploymentPostprocessing = 0;
		};
/* End PBXFrameworksBuildPhase section */

/* Begin PBXGroup section */
		AB0F0ED91A44054400D47E2C = {
			isa = PBXGroup;
			children = (
				AB0F0EE41A44054400D47E2C /* Postcard */,
				AB0F0EFA1A44054500D47E2C /* PostcardTests */,
				AB0F0EE31A44054400D47E2C /* Products */,
			);
			sourceTree = "<group>";
		};
		AB0F0EE31A44054400D47E2C /* Products */ = {
			isa = PBXGroup;
			children = (
				AB0F0EE21A44054400D47E2C /* Postcard.app */,
				AB0F0EF71A44054500D47E2C /* PostcardTests.xctest */,
			);
			name = Products;
			sourceTree = "<group>";
		};
		AB0F0EE41A44054400D47E2C /* Postcard */ = {
			isa = PBXGroup;
			children = (
				AB0F0EE71A44054400D47E2C /* AppDelegate.swift */,
				AB0F0EE91A44054400D47E2C /* ViewController.swift */,
				AB0F0EEB1A44054400D47E2C /* Main.storyboard */,
				AB0F0EEE1A44054400D47E2C /* Images.xcassets */,
				AB0F0EF01A44054400D47E2C /* LaunchScreen.xib */,
				AB0F0EE51A44054400D47E2C /* Supporting Files */,
			);
			path = Postcard;
			sourceTree = "<group>";
		};
		AB0F0EE51A44054400D47E2C /* Supporting Files */ = {
			isa = PBXGroup;
			children = (
				ABB8D62E1AAD2A3B00A6AA51 /* AlbertEinsteinStamp.jpg */,
				ABB8D62C1AAD270A00A6AA51 /* SagradaFamilia.jpeg */,
				AB0F0EE61A44054400D47E2C /* Info.plist */,
			);
			name = "Supporting Files";
			sourceTree = "<group>";
		};
		AB0F0EFA1A44054500D47E2C /* PostcardTests */ = {
			isa = PBXGroup;
			children = (
				AB0F0EFD1A44054500D47E2C /* PostcardTests.swift */,
				AB0F0EFB1A44054500D47E2C /* Supporting Files */,
			);
			path = PostcardTests;
			sourceTree = "<group>";
		};
		AB0F0EFB1A44054500D47E2C /* Supporting Files */ = {
			isa = PBXGroup;
			children = (
				AB0F0EFC1A44054500D47E2C /* Info.plist */,
			);
			name = "Supporting Files";
			sourceTree = "<group>";
		};
/* End PBXGroup section */

/* Begin PBXNativeTarget section */
		AB0F0EE11A44054400D47E2C /* Postcard */ = {
			isa = PBXNativeTarget;
			buildConfigurationList = AB0F0F011A44054500D47E2C /* Build configuration list for PBXNativeTarget "Postcard" */;
			buildPhases = (
				AB0F0EDE1A44054400D47E2C /* Sources */,
				AB0F0EDF1A44054400D47E2C /* Frameworks */,
				AB0F0EE01A44054400D47E2C /* Resources */,
			);
			buildRules = (
			);
			dependencies = (
			);
			name = Postcard;
			productName = Postcard;
			productReference = AB0F0EE21A44054400D47E2C /* Postcard.app */;
			productType = "com.apple.product-type.application";
		};
		AB0F0EF61A44054500D47E2C /* PostcardTests */ = {
			isa = PBXNativeTarget;
			buildConfigurationList = AB0F0F041A44054500D47E2C /* Build configuration list for PBXNativeTarget "PostcardTests" */;
			buildPhases = (
				AB0F0EF31A44054500D47E2C /* Sources */,
				AB0F0EF41A44054500D47E2C /* Frameworks */,
				AB0F0EF51A44054500D47E2C /* Resources */,
			);
			buildRules = (
			);
			dependencies = (
				AB0F0EF91A44054500D47E2C /* PBXTargetDependency */,
			);
			name = PostcardTests;
			productName = PostcardTests;
			productReference = AB0F0EF71A44054500D47E2C /* PostcardTests.xctest */;
			productType = "com.apple.product-type.bundle.unit-test";
		};
/* End PBXNativeTarget section */

/* Begin PBXProject section */
		AB0F0EDA1A44054400D47E2C /* Project object */ = {
			isa = PBXProject;
			attributes = {
				LastUpgradeCheck = 0610;
				ORGANIZATIONNAME = "Aldi Gjoka1";
				TargetAttributes = {
					AB0F0EE11A44054400D47E2C = {
						CreatedOnToolsVersion = 6.1.1;
					};
					AB0F0EF61A44054500D47E2C = {
						CreatedOnToolsVersion = 6.1.1;
						TestTargetID = AB0F0EE11A44054400D47E2C;
					};
				};
			};
			buildConfigurationList = AB0F0EDD1A44054400D47E2C /* Build configuration list for PBXProject "Postcard" */;
			compatibilityVersion = "Xcode 3.2";
			developmentRegion = English;
			hasScannedForEncodings = 0;
			knownRegions = (
				en,
				Base,
			);
			mainGroup = AB0F0ED91A44054400D47E2C;
			productRefGroup = AB0F0EE31A44054400D47E2C /* Products */;
			projectDirPath = "";
			projectRoot = "";
			targets = (
				AB0F0EE11A44054400D47E2C /* Postcard */,
				AB0F0EF61A44054500D47E2C /* PostcardTests */,
			);
		};
/* End PBXProject section */

/* Begin PBXResourcesBuildPhase section */
		AB0F0EE01A44054400D47E2C /* Resources */ = {
			isa = PBXResourcesBuildPhase;
			buildActionMask = 2147483647;
			files = (
				AB0F0EED1A44054400D47E2C /* Main.storyboard in Resources */,
				ABB8D62D1AAD270A00A6AA51 /* SagradaFamilia.jpeg in Resources */,
				ABB8D62F1AAD2A3B00A6AA51 /* AlbertEinsteinStamp.jpg in Resources */,
				AB0F0EF21A44054400D47E2C /* LaunchScreen.xib in Resources */,
				AB0F0EEF1A44054400D47E2C /* Images.xcassets in Resources */,
			);
			runOnlyForDeploymentPostprocessing = 0;
		};
		AB0F0EF51A44054500D47E2C /* Resources */ = {
			isa = PBXResourcesBuildPhase;
			buildActionMask = 2147483647;
			files = (
			);
			runOnlyForDeploymentPostprocessing = 0;
		};
/* End PBXResourcesBuildPhase section */

/* Begin PBXSourcesBuildPhase section */
		AB0F0EDE1A44054400D47E2C /* Sources */ = {
			isa = PBXSourcesBuildPhase;
			buildActionMask = 2147483647;
			files = (
				AB0F0EEA1A44054400D47E2C /* ViewController.swift in Sources */,
				AB0F0EE81A44054400D47E2C /* AppDelegate.swift in Sources */,
			);
			runOnlyForDeploymentPostprocessing = 0;
		};
		AB0F0EF31A44054500D47E2C /* Sources */ = {
			isa = PBXSourcesBuildPhase;
			buildActionMask = 2147483647;
			files = (
				AB0F0EFE1A44054500D47E2C /* PostcardTests.swift in Sources */,
			);
			runOnlyForDeploymentPostprocessing = 0;
		};
/* End PBXSourcesBuildPhase section */

/* Begin PBXTargetDependency section */
		AB0F0EF91A44054500D47E2C /* PBXTargetDependency */ = {
			isa = PBXTargetDependency;
			target = AB0F0EE11A44054400D47E2C /* Postcard */;
			targetProxy = AB0F0EF81A44054500D47E2C /* PBXContainerItemProxy */;
		};
/* End PBXTargetDependency section */

/* Begin PBXVariantGroup section */
		AB0F0EEB1A44054400D47E2C /* Main.storyboard */ = {
			isa = PBXVariantGroup;
			children = (
				AB0F0EEC1A44054400D47E2C /* Base */,
			);
			name = Main.storyboard;
			sourceTree = "<group>";
		};
		AB0F0EF01A44054400D47E2C /* LaunchScreen.xib */ = {
			isa = PBXVariantGroup;
			children = (
				AB0F0EF11A44054400D47E2C /* Base */,
			);
			name = LaunchScreen.xib;
			sourceTree = "<group>";
		};
/* End PBXVariantGroup section */

/* Begin XCBuildConfiguration section */
		AB0F0EFF1A44054500D47E2C /* Debug */ = {
			isa = XCBuildConfiguration;
			buildSettings = {
				ALWAYS_SEARCH_USER_PATHS = NO;
				CLANG_CXX_LANGUAGE_STANDARD = "gnu++0x";
				CLANG_CXX_LIBRARY = "libc++";
				CLANG_ENABLE_MODULES = YES;
				CLANG_ENABLE_OBJC_ARC = YES;
				CLANG_WARN_BOOL_CONVERSION = YES;
				CLANG_WARN_CONSTANT_CONVERSION = YES;
				CLANG_WARN_DIRECT_OBJC_ISA_USAGE = YES_ERROR;
				CLANG_WARN_EMPTY_BODY = YES;
				CLANG_WARN_ENUM_CONVERSION = YES;
				CLANG_WARN_INT_CONVERSION = YES;
				CLANG_WARN_OBJC_ROOT_CLASS = YES_ERROR;
				CLANG_WARN_UNREACHABLE_CODE = YES;
				CLANG_WARN__DUPLICATE_METHOD_MATCH = YES;
				"CODE_SIGN_IDENTITY[sdk=iphoneos*]" = "iPhone Developer";
				COPY_PHASE_STRIP = NO;
				ENABLE_STRICT_OBJC_MSGSEND = YES;
				GCC_C_LANGUAGE_STANDARD = gnu99;
				GCC_DYNAMIC_NO_PIC = NO;
				GCC_OPTIMIZATION_LEVEL = 0;
				GCC_PREPROCESSOR_DEFINITIONS = (
					"DEBUG=1",
					"$(inherited)",
				);
				GCC_SYMBOLS_PRIVATE_EXTERN = NO;
				GCC_WARN_64_TO_32_BIT_CONVERSION = YES;
				GCC_WARN_ABOUT_RETURN_TYPE = YES_ERROR;
				GCC_WARN_UNDECLARED_SELECTOR = YES;
				GCC_WARN_UNINITIALIZED_AUTOS = YES_AGGRESSIVE;
				GCC_WARN_UNUSED_FUNCTION = YES;
				GCC_WARN_UNUSED_VARIABLE = YES;
				IPHONEOS_DEPLOYMENT_TARGET = 8.1;
				MTL_ENABLE_DEBUG_INFO = YES;
				ONLY_ACTIVE_ARCH = YES;
				SDKROOT = iphoneos;
				SWIFT_OPTIMIZATION_LEVEL = "-Onone";
				TARGETED_DEVICE_FAMILY = "1,2";
			};
			name = Debug;
		};
		AB0F0F001A44054500D47E2C /* Release */ = {
			isa = XCBuildConfiguration;
			buildSettings = {
				ALWAYS_SEARCH_USER_PATHS = NO;
				CLANG_CXX_LANGUAGE_STANDARD = "gnu++0x";
				CLANG_CXX_LIBRARY = "libc++";
				CLANG_ENABLE_MODULES = YES;
				CLANG_ENABLE_OBJC_ARC = YES;
				CLANG_WARN_BOOL_CONVERSION = YES;
				CLANG_WARN_CONSTANT_CONVERSION = YES;
				CLANG_WARN_DIRECT_OBJC_ISA_USAGE = YES_ERROR;
				CLANG_WARN_EMPTY_BODY = YES;
				CLANG_WARN_ENUM_CONVERSION = YES;
				CLANG_WARN_INT_CONVERSION = YES;
				CLANG_WARN_OBJC_ROOT_CLASS = YES_ERROR;
				CLANG_WARN_UNREACHABLE_CODE = YES;
				CLANG_WARN__DUPLICATE_METHOD_MATCH = YES;
				"CODE_SIGN_IDENTITY[sdk=iphoneos*]" = "iPhone Developer";
				COPY_PHASE_STRIP = YES;
				ENABLE_NS_ASSERTIONS = NO;
				ENABLE_STRICT_OBJC_MSGSEND = YES;
				GCC_C_LANGUAGE_STANDARD = gnu99;
				GCC_WARN_64_TO_32_BIT_CONVERSION = YES;
				GCC_WARN_ABOUT_RETURN_TYPE = YES_ERROR;
				GCC_WARN_UNDECLARED_SELECTOR = YES;
				GCC_WARN_UNINITIALIZED_AUTOS = YES_AGGRESSIVE;
				GCC_WARN_UNUSED_FUNCTION = YES;
				GCC_WARN_UNUSED_VARIABLE = YES;
				IPHONEOS_DEPLOYMENT_TARGET = 8.1;
				MTL_ENABLE_DEBUG_INFO = NO;
				SDKROOT = iphoneos;
				TARGETED_DEVICE_FAMILY = "1,2";
				VALIDATE_PRODUCT = YES;
			};
			name = Release;
		};
		AB0F0F021A44054500D47E2C /* Debug */ = {
			isa = XCBuildConfiguration;
			buildSettings = {
				ASSETCATALOG_COMPILER_APPICON_NAME = AppIcon;
				INFOPLIST_FILE = Postcard/Info.plist;
				LD_RUNPATH_SEARCH_PATHS = "$(inherited) @executable_path/Frameworks";
				PRODUCT_NAME = "$(TARGET_NAME)";
			};
			name = Debug;
		};
		AB0F0F031A44054500D47E2C /* Release */ = {
			isa = XCBuildConfiguration;
			buildSettings = {
				ASSETCATALOG_COMPILER_APPICON_NAME = AppIcon;
				INFOPLIST_FILE = Postcard/Info.plist;
				LD_RUNPATH_SEARCH_PATHS = "$(inherited) @executable_path/Frameworks";
				PRODUCT_NAME = "$(TARGET_NAME)";
			};
			name = Release;
		};
		AB0F0F051A44054500D47E2C /* Debug */ = {
			isa = XCBuildConfiguration;
			buildSettings = {
				BUNDLE_LOADER = "$(TEST_HOST)";
				FRAMEWORK_SEARCH_PATHS = (
					"$(SDKROOT)/Developer/Library/Frameworks",
					"$(inherited)",
				);
				GCC_PREPROCESSOR_DEFINITIONS = (
					"DEBUG=1",
					"$(inherited)",
				);
				INFOPLIST_FILE = PostcardTests/Info.plist;
				LD_RUNPATH_SEARCH_PATHS = "$(inherited) @executable_path/Frameworks @loader_path/Frameworks";
				PRODUCT_NAME = "$(TARGET_NAME)";
				TEST_HOST = "$(BUILT_PRODUCTS_DIR)/Postcard.app/Postcard";
			};
			name = Debug;
		};
		AB0F0F061A44054500D47E2C /* Release */ = {
			isa = XCBuildConfiguration;
			buildSettings = {
				BUNDLE_LOADER = "$(TEST_HOST)";
				FRAMEWORK_SEARCH_PATHS = (
					"$(SDKROOT)/Developer/Library/Frameworks",
					"$(inherited)",
				);
				INFOPLIST_FILE = PostcardTests/Info.plist;
				LD_RUNPATH_SEARCH_PATHS = "$(inherited) @executable_path/Frameworks @loader_path/Frameworks";
				PRODUCT_NAME = "$(TARGET_NAME)";
				TEST_HOST = "$(BUILT_PRODUCTS_DIR)/Postcard.app/Postcard";
			};
			name = Release;
		};
/* End XCBuildConfiguration section */

/* Begin XCConfigurationList section */
		AB0F0EDD1A44054400D47E2C /* Build configuration list for PBXProject "Postcard" */ = {
			isa = XCConfigurationList;
			buildConfigurations = (
				AB0F0EFF1A44054500D47E2C /* Debug */,
				AB0F0F001A44054500D47E2C /* Release */,
			);
			defaultConfigurationIsVisible = 0;
			defaultConfigurationName = Release;
		};
		AB0F0F011A44054500D47E2C /* Build configuration list for PBXNativeTarget "Postcard" */ = {
			isa = XCConfigurationList;
			buildConfigurations = (
				AB0F0F021A44054500D47E2C /* Debug */,
				AB0F0F031A44054500D47E2C /* Release */,
			);
			defaultConfigurationIsVisible = 0;
			defaultConfigurationName = Release;
		};
		AB0F0F041A44054500D47E2C /* Build configuration list for PBXNativeTarget "PostcardTests" */ = {
			isa = XCConfigurationList;
			buildConfigurations = (
				AB0F0F051A44054500D47E2C /* Debug */,
				AB0F0F061A44054500D47E2C /* Release */,
			);
			defaultConfigurationIsVisible = 0;
			defaultConfigurationName = Release;
		};
/* End XCConfigurationList section */
	};
	rootObject = AB0F0EDA1A44054400D47E2C /* Project object */;
}
